
Microsoft Visual Studio Solution File, Format Version 12.00
# Visual Studio 15
VisualStudioVersion = 15.0.28010.2026
MinimumVisualStudioVersion = 10.0.40219.1
Project("{FAE04EC0-301F-11D3-BF4B-00C04F79EFBC}") = "GameServer", "GameServer\GameServer.csproj", "{EB7516D6-C686-4CCB-AD76-A1CC9CC5019C}"
EndProject
Project("{FAE04EC0-301F-11D3-BF4B-00C04F79EFBC}") = "GameClient", "GameClient\GameClient.csproj", "{F9FCF7DA-026C-477A-963C-40359443E0DB}"
EndProject
Global
	GlobalSection(SolutionConfigurationPlatforms) = preSolution
		Debug|Any CPU = Debug|Any CPU
		Release|Any CPU = Release|Any CPU
	EndGlobalSection
	GlobalSection(ProjectConfigurationPlatforms) = postSolution
		{EB7516D6-C686-4CCB-AD76-A1CC9CC5019C}.Debug|Any CPU.ActiveCfg = Debug|Any CPU
		{EB7516D6-C686-4CCB-AD76-A1CC9CC5019C}.Debug|Any CPU.Build.0 = Debug|Any CPU
		{EB7516D6-C686-4CCB-AD76-A1CC9CC5019C}.Release|Any CPU.ActiveCfg = Release|Any CPU
		{EB7516D6-C686-4CCB-AD76-A1CC9CC5019C}.Release|Any CPU.Build.0 = Release|Any CPU
		{F9FCF7DA-026C-477A-963C-40359443E0DB}.Debug|Any CPU.ActiveCfg = Debug|Any CPU
		{F9FCF7DA-026C-477A-963C-40359443E0DB}.Debug|Any CPU.Build.0 = Debug|Any CPU
		{F9FCF7DA-026C-477A-963C-40359443E0DB}.Release|Any CPU.ActiveCfg = Release|Any CPU
		{F9FCF7DA-026C-477A-963C-40359443E0DB}.Release|Any CPU.Build.0 = Release|Any CPU
	EndGlobalSection
	GlobalSection(SolutionProperties) = preSolution
		HideSolutionNode = FALSE
	EndGlobalSection
	GlobalSection(ExtensibilityGlobals) = postSolution
		SolutionGuid = {8DB0E731-80F8-4A4B-A8CD-4D941B70A679}
	EndGlobalSection
EndGlobal
